// !$*UTF8*$!
{
	archiveVersion = 1;
	classes = {
	};
	objectVersion = 46;
	objects = {

/* Begin PBXBuildFile section */
		04DC3A501A8898640078D8E0 /* main.m in Sources */ = {isa = PBXBuildFile; fileRef = 04DC3A4F1A8898640078D8E0 /* main.m */; };
		04DC3A531A8898640078D8E0 /* AppDelegate.m in Sources */ = {isa = PBXBuildFile; fileRef = 04DC3A521A8898640078D8E0 /* AppDelegate.m */; };
		04DC3A561A8898640078D8E0 /* ViewController.m in Sources */ = {isa = PBXBuildFile; fileRef = 04DC3A551A8898640078D8E0 /* ViewController.m */; };
		04DC3A591A8898640078D8E0 /* Main.storyboard in Resources */ = {isa = PBXBuildFile; fileRef = 04DC3A571A8898640078D8E0 /* Main.storyboard */; };
		04DC3A5B1A8898640078D8E0 /* Images.xcassets in Resources */ = {isa = PBXBuildFile; fileRef = 04DC3A5A1A8898640078D8E0 /* Images.xcassets */; };
		04DC3A5E1A8898640078D8E0 /* LaunchScreen.xib in Resources */ = {isa = PBXBuildFile; fileRef = 04DC3A5C1A8898640078D8E0 /* LaunchScreen.xib */; };
		04DC3A6A1A8898640078D8E0 /* ColumnRollingTests.m in Sources */ = {isa = PBXBuildFile; fileRef = 04DC3A691A8898640078D8E0 /* ColumnRollingTests.m */; };
		04DC3A7F1A8898A10078D8E0 /* DLLRUCache.m in Sources */ = {isa = PBXBuildFile; fileRef = 04DC3A761A8898A10078D8E0 /* DLLRUCache.m */; };
		04DC3A801A8898A10078D8E0 /* DLSlideView.m in Sources */ = {isa = PBXBuildFile; fileRef = 04DC3A781A8898A10078D8E0 /* DLSlideView.m */; };
		04DC3A811A8898A10078D8E0 /* DLImagedTabbarView.m in Sources */ = {isa = PBXBuildFile; fileRef = 04DC3A7B1A8898A10078D8E0 /* DLImagedTabbarView.m */; };
		04DC3A821A8898A10078D8E0 /* DLTabedSlideView.m in Sources */ = {isa = PBXBuildFile; fileRef = 04DC3A7E1A8898A10078D8E0 /* DLTabedSlideView.m */; };
		04DC3A8C1A8898B10078D8E0 /* goodsHot@2x.png in Resources */ = {isa = PBXBuildFile; fileRef = 04DC3A841A8898B10078D8E0 /* goodsHot@2x.png */; };
		04DC3A8D1A8898B10078D8E0 /* goodsHot_d@2x.png in Resources */ = {isa = PBXBuildFile; fileRef = 04DC3A851A8898B10078D8E0 /* goodsHot_d@2x.png */; };
		04DC3A8E1A8898B10078D8E0 /* goodsHSeperator@2x.png in Resources */ = {isa = PBXBuildFile; fileRef = 04DC3A861A8898B10078D8E0 /* goodsHSeperator@2x.png */; };
		04DC3A8F1A8898B10078D8E0 /* goodsNew@2x.png in Resources */ = {isa = PBXBuildFile; fileRef = 04DC3A871A8898B10078D8E0 /* goodsNew@2x.png */; };
		04DC3A901A8898B10078D8E0 /* goodsNew_d@2x.png in Resources */ = {isa = PBXBuildFile; fileRef = 04DC3A881A8898B10078D8E0 /* goodsNew_d@2x.png */; };
		04DC3A911A8898B10078D8E0 /* goodsPrice@2x.png in Resources */ = {isa = PBXBuildFile; fileRef = 04DC3A891A8898B10078D8E0 /* goodsPrice@2x.png */; };
		04DC3A921A8898B10078D8E0 /* goodsPrice_d@2x.png in Resources */ = {isa = PBXBuildFile; fileRef = 04DC3A8A1A8898B10078D8E0 /* goodsPrice_d@2x.png */; };
		04DC3A931A8898B10078D8E0 /* tabbarBk@2x.png in Resources */ = {isa = PBXBuildFile; fileRef = 04DC3A8B1A8898B10078D8E0 /* tabbarBk@2x.png */; };
		04DC3A961A8898BE0078D8E0 /* OneViewController.m in Sources */ = {isa = PBXBuildFile; fileRef = 04DC3A951A8898BE0078D8E0 /* OneViewController.m */; };
		04DC3A991A8898C90078D8E0 /* TwoViewController.m in Sources */ = {isa = PBXBuildFile; fileRef = 04DC3A981A8898C90078D8E0 /* TwoViewController.m */; };
		04DC3A9C1A8898D70078D8E0 /* ThreeViewController.m in Sources */ = {isa = PBXBuildFile; fileRef = 04DC3A9B1A8898D70078D8E0 /* ThreeViewController.m */; };
/* End PBXBuildFile section */

/* Begin PBXContainerItemProxy section */
		04DC3A641A8898640078D8E0 /* PBXContainerItemProxy */ = {
			isa = PBXContainerItemProxy;
			containerPortal = 04DC3A421A8898640078D8E0 /* Project object */;
			proxyType = 1;
			remoteGlobalIDString = 04DC3A491A8898640078D8E0;
			remoteInfo = ColumnRolling;
		};
/* End PBXContainerItemProxy section */

/* Begin PBXFileReference section */
		04DC3A4A1A8898640078D8E0 /* ColumnRolling.app */ = {isa = PBXFileReference; explicitFileType = wrapper.application; includeInIndex = 0; path = ColumnRolling.app; sourceTree = BUILT_PRODUCTS_DIR; };
		04DC3A4E1A8898640078D8E0 /* Info.plist */ = {isa = PBXFileReference; lastKnownFileType = text.plist.xml; path = Info.plist; sourceTree = "<group>"; };
		04DC3A4F1A8898640078D8E0 /* main.m */ = {isa = PBXFileReference; lastKnownFileType = sourcecode.c.objc; path = main.m; sourceTree = "<group>"; };
		04DC3A511A8898640078D8E0 /* AppDelegate.h */ = {isa = PBXFileReference; lastKnownFileType = sourcecode.c.h; path = AppDelegate.h; sourceTree = "<group>"; };
		04DC3A521A8898640078D8E0 /* AppDelegate.m */ = {isa = PBXFileReference; lastKnownFileType = sourcecode.c.objc; path = AppDelegate.m; sourceTree = "<group>"; };
		04DC3A541A8898640078D8E0 /* ViewController.h */ = {isa = PBXFileReference; lastKnownFileType = sourcecode.c.h; path = ViewController.h; sourceTree = "<group>"; };
		04DC3A551A8898640078D8E0 /* ViewController.m */ = {isa = PBXFileReference; lastKnownFileType = sourcecode.c.objc; path = ViewController.m; sourceTree = "<group>"; };
		04DC3A581A8898640078D8E0 /* Base */ = {isa = PBXFileReference; lastKnownFileType = file.storyboard; name = Base; path = Base.lproj/Main.storyboard; sourceTree = "<group>"; };
		04DC3A5A1A8898640078D8E0 /* Images.xcassets */ = {isa = PBXFileReference; lastKnownFileType = folder.assetcatalog; path = Images.xcassets; sourceTree = "<group>"; };
		04DC3A5D1A8898640078D8E0 /* Base */ = {isa = PBXFileReference; lastKnownFileType = file.xib; name = Base; path = Base.lproj/LaunchScreen.xib; sourceTree = "<group>"; };
		04DC3A631A8898640078D8E0 /* ColumnRollingTests.xctest */ = {isa = PBXFileReference; explicitFileType = wrapper.cfbundle; includeInIndex = 0; path = ColumnRollingTests.xctest; sourceTree = BUILT_PRODUCTS_DIR; };
		04DC3A681A8898640078D8E0 /* Info.plist */ = {isa = PBXFileReference; lastKnownFileType = text.plist.xml; path = Info.plist; sourceTree = "<group>"; };
		04DC3A691A8898640078D8E0 /* ColumnRollingTests.m */ = {isa = PBXFileReference; lastKnownFileType = sourcecode.c.objc; path = ColumnRollingTests.m; sourceTree = "<group>"; };
		04DC3A751A8898A10078D8E0 /* DLLRUCache.h */ = {isa = PBXFileReference; fileEncoding = 4; lastKnownFileType = sourcecode.c.h; path = DLLRUCache.h; sourceTree = "<group>"; };
		04DC3A761A8898A10078D8E0 /* DLLRUCache.m */ = {isa = PBXFileReference; fileEncoding = 4; lastKnownFileType = sourcecode.c.objc; path = DLLRUCache.m; sourceTree = "<group>"; };
		04DC3A771A8898A10078D8E0 /* DLSlideView.h */ = {isa = PBXFileReference; fileEncoding = 4; lastKnownFileType = sourcecode.c.h; path = DLSlideView.h; sourceTree = "<group>"; };
		04DC3A781A8898A10078D8E0 /* DLSlideView.m */ = {isa = PBXFileReference; fileEncoding = 4; lastKnownFileType = sourcecode.c.objc; path = DLSlideView.m; sourceTree = "<group>"; };
		04DC3A7A1A8898A10078D8E0 /* DLImagedTabbarView.h */ = {isa = PBXFileReference; fileEncoding = 4; lastKnownFileType = sourcecode.c.h; path = DLImagedTabbarView.h; sourceTree = "<group>"; };
		04DC3A7B1A8898A10078D8E0 /* DLImagedTabbarView.m */ = {isa = PBXFileReference; fileEncoding = 4; lastKnownFileType = sourcecode.c.objc; path = DLImagedTabbarView.m; sourceTree = "<group>"; };
		04DC3A7C1A8898A10078D8E0 /* DLSlideTabbarProtocol.h */ = {isa = PBXFileReference; fileEncoding = 4; lastKnownFileType = sourcecode.c.h; path = DLSlideTabbarProtocol.h; sourceTree = "<group>"; };
		04DC3A7D1A8898A10078D8E0 /* DLTabedSlideView.h */ = {isa = PBXFileReference; fileEncoding = 4; lastKnownFileType = sourcecode.c.h; path = DLTabedSlideView.h; sourceTree = "<group>"; };
		04DC3A7E1A8898A10078D8E0 /* DLTabedSlideView.m */ = {isa = PBXFileReference; fileEncoding = 4; lastKnownFileType = sourcecode.c.objc; path = DLTabedSlideView.m; sourceTree = "<group>"; };
		04DC3A841A8898B10078D8E0 /* goodsHot@2x.png */ = {isa = PBXFileReference; lastKnownFileType = image.png; path = "goodsHot@2x.png"; sourceTree = "<group>"; };
		04DC3A851A8898B10078D8E0 /* goodsHot_d@2x.png */ = {isa = PBXFileReference; lastKnownFileType = image.png; path = "goodsHot_d@2x.png"; sourceTree = "<group>"; };
		04DC3A861A8898B10078D8E0 /* goodsHSeperator@2x.png */ = {isa = PBXFileReference; lastKnownFileType = image.png; path = "goodsHSeperator@2x.png"; sourceTree = "<group>"; };
		04DC3A871A8898B10078D8E0 /* goodsNew@2x.png */ = {isa = PBXFileReference; lastKnownFileType = image.png; path = "goodsNew@2x.png"; sourceTree = "<group>"; };
		04DC3A881A8898B10078D8E0 /* goodsNew_d@2x.png */ = {isa = PBXFileReference; lastKnownFileType = image.png; path = "goodsNew_d@2x.png"; sourceTree = "<group>"; };
		04DC3A891A8898B10078D8E0 /* goodsPrice@2x.png */ = {isa = PBXFileReference; lastKnownFileType = image.png; path = "goodsPrice@2x.png"; sourceTree = "<group>"; };
		04DC3A8A1A8898B10078D8E0 /* goodsPrice_d@2x.png */ = {isa = PBXFileReference; lastKnownFileType = image.png; path = "goodsPrice_d@2x.png"; sourceTree = "<group>"; };
		04DC3A8B1A8898B10078D8E0 /* tabbarBk@2x.png */ = {isa = PBXFileReference; lastKnownFileType = image.png; path = "tabbarBk@2x.png"; sourceTree = "<group>"; };
		04DC3A941A8898BE0078D8E0 /* OneViewController.h */ = {isa = PBXFileReference; fileEncoding = 4; lastKnownFileType = sourcecode.c.h; path = OneViewController.h; sourceTree = "<group>"; };
		04DC3A951A8898BE0078D8E0 /* OneViewController.m */ = {isa = PBXFileReference; fileEncoding = 4; lastKnownFileType = sourcecode.c.objc; path = OneViewController.m; sourceTree = "<group>"; };
		04DC3A971A8898C90078D8E0 /* TwoViewController.h */ = {isa = PBXFileReference; fileEncoding = 4; lastKnownFileType = sourcecode.c.h; name = TwoViewController.h; path = ../TwoViewController.h; sourceTree = "<group>"; };
		04DC3A981A8898C90078D8E0 /* TwoViewController.m */ = {isa = PBXFileReference; fileEncoding = 4; lastKnownFileType = sourcecode.c.objc; name = TwoViewController.m; path = ../TwoViewController.m; sourceTree = "<group>"; };
		04DC3A9A1A8898D70078D8E0 /* ThreeViewController.h */ = {isa = PBXFileReference; fileEncoding = 4; lastKnownFileType = sourcecode.c.h; path = ThreeViewController.h; sourceTree = "<group>"; };
		04DC3A9B1A8898D70078D8E0 /* ThreeViewController.m */ = {isa = PBXFileReference; fileEncoding = 4; lastKnownFileType = sourcecode.c.objc; path = ThreeViewController.m; sourceTree = "<group>"; };
/* End PBXFileReference section */

/* Begin PBXFrameworksBuildPhase section */
		04DC3A471A8898640078D8E0 /* Frameworks */ = {
			isa = PBXFrameworksBuildPhase;
			buildActionMask = 2147483647;
			files = (
			);
			runOnlyForDeploymentPostprocessing = 0;
		};
		04DC3A601A8898640078D8E0 /* Frameworks */ = {
			isa = PBXFrameworksBuildPhase;
			buildActionMask = 2147483647;
			files = (
			);
			runOnlyForDeploymentPostprocessing = 0;
		};
/* End PBXFrameworksBuildPhase section */

/* Begin PBXGroup section */
		04DC3A411A8898640078D8E0 = {
			isa = PBXGroup;
			children = (
				04DC3A831A8898B10078D8E0 /* resources */,
				04DC3A731A8898A10078D8E0 /* DLSlideView */,
				04DC3A4C1A8898640078D8E0 /* ColumnRolling */,
				04DC3A661A8898640078D8E0 /* ColumnRollingTests */,
				04DC3A4B1A8898640078D8E0 /* Products */,
			);
			sourceTree = "<group>";
		};
		04DC3A4B1A8898640078D8E0 /* Products */ = {
			isa = PBXGroup;
			children = (
				04DC3A4A1A8898640078D8E0 /* ColumnRolling.app */,
				04DC3A631A8898640078D8E0 /* ColumnRollingTests.xctest */,
			);
			name = Products;
			sourceTree = "<group>";
		};
		04DC3A4C1A8898640078D8E0 /* ColumnRolling */ = {
			isa = PBXGroup;
			children = (
				04DC3A511A8898640078D8E0 /* AppDelegate.h */,
				04DC3A521A8898640078D8E0 /* AppDelegate.m */,
				04DC3A541A8898640078D8E0 /* ViewController.h */,
				04DC3A551A8898640078D8E0 /* ViewController.m */,
				04DC3A941A8898BE0078D8E0 /* OneViewController.h */,
				04DC3A951A8898BE0078D8E0 /* OneViewController.m */,
				04DC3A971A8898C90078D8E0 /* TwoViewController.h */,
				04DC3A981A8898C90078D8E0 /* TwoViewController.m */,
				04DC3A9A1A8898D70078D8E0 /* ThreeViewController.h */,
				04DC3A9B1A8898D70078D8E0 /* ThreeViewController.m */,
				04DC3A571A8898640078D8E0 /* Main.storyboard */,
				04DC3A5A1A8898640078D8E0 /* Images.xcassets */,
				04DC3A5C1A8898640078D8E0 /* LaunchScreen.xib */,
				04DC3A4D1A8898640078D8E0 /* Supporting Files */,
			);
			path = ColumnRolling;
			sourceTree = "<group>";
		};
		04DC3A4D1A8898640078D8E0 /* Supporting Files */ = {
			isa = PBXGroup;
			children = (
				04DC3A4E1A8898640078D8E0 /* Info.plist */,
				04DC3A4F1A8898640078D8E0 /* main.m */,
			);
			name = "Supporting Files";
			sourceTree = "<group>";
		};
		04DC3A661A8898640078D8E0 /* ColumnRollingTests */ = {
			isa = PBXGroup;
			children = (
				04DC3A691A8898640078D8E0 /* ColumnRollingTests.m */,
				04DC3A671A8898640078D8E0 /* Supporting Files */,
			);
			path = ColumnRollingTests;
			sourceTree = "<group>";
		};
		04DC3A671A8898640078D8E0 /* Supporting Files */ = {
			isa = PBXGroup;
			children = (
				04DC3A681A8898640078D8E0 /* Info.plist */,
			);
			name = "Supporting Files";
			sourceTree = "<group>";
		};
		04DC3A731A8898A10078D8E0 /* DLSlideView */ = {
			isa = PBXGroup;
			children = (
				04DC3A741A8898A10078D8E0 /* DLCache */,
				04DC3A771A8898A10078D8E0 /* DLSlideView.h */,
				04DC3A781A8898A10078D8E0 /* DLSlideView.m */,
				04DC3A791A8898A10078D8E0 /* DLTabbarView */,
				04DC3A7D1A8898A10078D8E0 /* DLTabedSlideView.h */,
				04DC3A7E1A8898A10078D8E0 /* DLTabedSlideView.m */,
			);
			name = DLSlideView;
			path = "../../Downloads/DLSlideView-master/DLSlideView";
			sourceTree = "<group>";
		};
		04DC3A741A8898A10078D8E0 /* DLCache */ = {
			isa = PBXGroup;
			children = (
				04DC3A751A8898A10078D8E0 /* DLLRUCache.h */,
				04DC3A761A8898A10078D8E0 /* DLLRUCache.m */,
			);
			path = DLCache;
			sourceTree = "<group>";
		};
		04DC3A791A8898A10078D8E0 /* DLTabbarView */ = {
			isa = PBXGroup;
			children = (
				04DC3A7A1A8898A10078D8E0 /* DLImagedTabbarView.h */,
				04DC3A7B1A8898A10078D8E0 /* DLImagedTabbarView.m */,
				04DC3A7C1A8898A10078D8E0 /* DLSlideTabbarProtocol.h */,
			);
			path = DLTabbarView;
			sourceTree = "<group>";
		};
		04DC3A831A8898B10078D8E0 /* resources */ = {
			isa = PBXGroup;
			children = (
				04DC3A841A8898B10078D8E0 /* goodsHot@2x.png */,
				04DC3A851A8898B10078D8E0 /* goodsHot_d@2x.png */,
				04DC3A861A8898B10078D8E0 /* goodsHSeperator@2x.png */,
				04DC3A871A8898B10078D8E0 /* goodsNew@2x.png */,
				04DC3A881A8898B10078D8E0 /* goodsNew_d@2x.png */,
				04DC3A891A8898B10078D8E0 /* goodsPrice@2x.png */,
				04DC3A8A1A8898B10078D8E0 /* goodsPrice_d@2x.png */,
				04DC3A8B1A8898B10078D8E0 /* tabbarBk@2x.png */,
			);
			name = resources;
			path = "../../Downloads/DLSlideView-master/Demo/DLSlideViewDemo/resources";
			sourceTree = "<group>";
		};
/* End PBXGroup section */

/* Begin PBXNativeTarget section */
		04DC3A491A8898640078D8E0 /* ColumnRolling */ = {
			isa = PBXNativeTarget;
			buildConfigurationList = 04DC3A6D1A8898640078D8E0 /* Build configuration list for PBXNativeTarget "ColumnRolling" */;
			buildPhases = (
				04DC3A461A8898640078D8E0 /* Sources */,
				04DC3A471A8898640078D8E0 /* Frameworks */,
				04DC3A481A8898640078D8E0 /* Resources */,
			);
			buildRules = (
			);
			dependencies = (
			);
			name = ColumnRolling;
			productName = ColumnRolling;
			productReference = 04DC3A4A1A8898640078D8E0 /* ColumnRolling.app */;
			productType = "com.apple.product-type.application";
		};
		04DC3A621A8898640078D8E0 /* ColumnRollingTests */ = {
			isa = PBXNativeTarget;
			buildConfigurationList = 04DC3A701A8898640078D8E0 /* Build configuration list for PBXNativeTarget "ColumnRollingTests" */;
			buildPhases = (
				04DC3A5F1A8898640078D8E0 /* Sources */,
				04DC3A601A8898640078D8E0 /* Frameworks */,
				04DC3A611A8898640078D8E0 /* Resources */,
			);
			buildRules = (
			);
			dependencies = (
				04DC3A651A8898640078D8E0 /* PBXTargetDependency */,
			);
			name = ColumnRollingTests;
			productName = ColumnRollingTests;
			productReference = 04DC3A631A8898640078D8E0 /* ColumnRollingTests.xctest */;
			productType = "com.apple.product-type.bundle.unit-test";
		};
/* End PBXNativeTarget section */

/* Begin PBXProject section */
		04DC3A421A8898640078D8E0 /* Project object */ = {
			isa = PBXProject;
			attributes = {
				LastUpgradeCheck = 0600;
				ORGANIZATIONNAME = "王凯";
				TargetAttributes = {
					04DC3A491A8898640078D8E0 = {
						CreatedOnToolsVersion = 6.0;
					};
					04DC3A621A8898640078D8E0 = {
						CreatedOnToolsVersion = 6.0;
						TestTargetID = 04DC3A491A8898640078D8E0;
					};
				};
			};
			buildConfigurationList = 04DC3A451A8898640078D8E0 /* Build configuration list for PBXProject "ColumnRolling" */;
			compatibilityVersion = "Xcode 3.2";
			developmentRegion = English;
			hasScannedForEncodings = 0;
			knownRegions = (
				en,
				Base,
			);
			mainGroup = 04DC3A411A8898640078D8E0;
			productRefGroup = 04DC3A4B1A8898640078D8E0 /* Products */;
			projectDirPath = "";
			projectRoot = "";
			targets = (
				04DC3A491A8898640078D8E0 /* ColumnRolling */,
				04DC3A621A8898640078D8E0 /* ColumnRollingTests */,
			);
		};
/* End PBXProject section */

/* Begin PBXResourcesBuildPhase section */
		04DC3A481A8898640078D8E0 /* Resources */ = {
			isa = PBXResourcesBuildPhase;
			buildActionMask = 2147483647;
			files = (
				04DC3A8F1A8898B10078D8E0 /* goodsNew@2x.png in Resources */,
				04DC3A8E1A8898B10078D8E0 /* goodsHSeperator@2x.png in Resources */,
				04DC3A921A8898B10078D8E0 /* goodsPrice_d@2x.png in Resources */,
				04DC3A911A8898B10078D8E0 /* goodsPrice@2x.png in Resources */,
				04DC3A591A8898640078D8E0 /* Main.storyboard in Resources */,
				04DC3A8D1A8898B10078D8E0 /* goodsHot_d@2x.png in Resources */,
				04DC3A5E1A8898640078D8E0 /* LaunchScreen.xib in Resources */,
				04DC3A5B1A8898640078D8E0 /* Images.xcassets in Resources */,
				04DC3A8C1A8898B10078D8E0 /* goodsHot@2x.png in Resources */,
				04DC3A901A8898B10078D8E0 /* goodsNew_d@2x.png in Resources */,
				04DC3A931A8898B10078D8E0 /* tabbarBk@2x.png in Resources */,
			);
			runOnlyForDeploymentPostprocessing = 0;
		};
		04DC3A611A8898640078D8E0 /* Resources */ = {
			isa = PBXResourcesBuildPhase;
			buildActionMask = 2147483647;
			files = (
			);
			runOnlyForDeploymentPostprocessing = 0;
		};
/* End PBXResourcesBuildPhase section */

/* Begin PBXSourcesBuildPhase section */
		04DC3A461A8898640078D8E0 /* Sources */ = {
			isa = PBXSourcesBuildPhase;
			buildActionMask = 2147483647;
			files = (
				04DC3A561A8898640078D8E0 /* ViewController.m in Sources */,
				04DC3A531A8898640078D8E0 /* AppDelegate.m in Sources */,
				04DC3A801A8898A10078D8E0 /* DLSlideView.m in Sources */,
				04DC3A821A8898A10078D8E0 /* DLTabedSlideView.m in Sources */,
				04DC3A7F1A8898A10078D8E0 /* DLLRUCache.m in Sources */,
				04DC3A501A8898640078D8E0 /* main.m in Sources */,
				04DC3A991A8898C90078D8E0 /* TwoViewController.m in Sources */,
				04DC3A811A8898A10078D8E0 /* DLImagedTabbarView.m in Sources */,
				04DC3A961A8898BE0078D8E0 /* OneViewController.m in Sources */,
				04DC3A9C1A8898D70078D8E0 /* ThreeViewController.m in Sources */,
			);
			runOnlyForDeploymentPostprocessing = 0;
		};
		04DC3A5F1A8898640078D8E0 /* Sources */ = {
			isa = PBXSourcesBuildPhase;
			buildActionMask = 2147483647;
			files = (
				04DC3A6A1A8898640078D8E0 /* ColumnRollingTests.m in Sources */,
			);
			runOnlyForDeploymentPostprocessing = 0;
		};
/* End PBXSourcesBuildPhase section */

/* Begin PBXTargetDependency section */
		04DC3A651A8898640078D8E0 /* PBXTargetDependency */ = {
			isa = PBXTargetDependency;
			target = 04DC3A491A8898640078D8E0 /* ColumnRolling */;
			targetProxy = 04DC3A641A8898640078D8E0 /* PBXContainerItemProxy */;
		};
/* End PBXTargetDependency section */

/* Begin PBXVariantGroup section */
		04DC3A571A8898640078D8E0 /* Main.storyboard */ = {
			isa = PBXVariantGroup;
			children = (
				04DC3A581A8898640078D8E0 /* Base */,
			);
			name = Main.storyboard;
			sourceTree = "<group>";
		};
		04DC3A5C1A8898640078D8E0 /* LaunchScreen.xib */ = {
			isa = PBXVariantGroup;
			children = (
				04DC3A5D1A8898640078D8E0 /* Base */,
			);
			name = LaunchScreen.xib;
			sourceTree = "<group>";
		};
/* End PBXVariantGroup section */

/* Begin XCBuildConfiguration section */
		04DC3A6B1A8898640078D8E0 /* Debug */ = {
			isa = XCBuildConfiguration;
			buildSettings = {
				ALWAYS_SEARCH_USER_PATHS = NO;
				CLANG_CXX_LANGUAGE_STANDARD = "gnu++0x";
				CLANG_CXX_LIBRARY = "libc++";
				CLANG_ENABLE_MODULES = YES;
				CLANG_ENABLE_OBJC_ARC = YES;
				CLANG_WARN_BOOL_CONVERSION = YES;
				CLANG_WARN_CONSTANT_CONVERSION = YES;
				CLANG_WARN_DIRECT_OBJC_ISA_USAGE = YES_ERROR;
				CLANG_WARN_EMPTY_BODY = YES;
				CLANG_WARN_ENUM_CONVERSION = YES;
				CLANG_WARN_INT_CONVERSION = YES;
				CLANG_WARN_OBJC_ROOT_CLASS = YES_ERROR;
				CLANG_WARN_UNREACHABLE_CODE = YES;
				CLANG_WARN__DUPLICATE_METHOD_MATCH = YES;
				"CODE_SIGN_IDENTITY[sdk=iphoneos*]" = "iPhone Developer";
				COPY_PHASE_STRIP = NO;
				ENABLE_STRICT_OBJC_MSGSEND = YES;
				GCC_C_LANGUAGE_STANDARD = gnu99;
				GCC_DYNAMIC_NO_PIC = NO;
				GCC_OPTIMIZATION_LEVEL = 0;
				GCC_PREPROCESSOR_DEFINITIONS = (
					"DEBUG=1",
					"$(inherited)",
				);
				GCC_SYMBOLS_PRIVATE_EXTERN = NO;
				GCC_WARN_64_TO_32_BIT_CONVERSION = YES;
				GCC_WARN_ABOUT_RETURN_TYPE = YES_ERROR;
				GCC_WARN_UNDECLARED_SELECTOR = YES;
				GCC_WARN_UNINITIALIZED_AUTOS = YES_AGGRESSIVE;
				GCC_WARN_UNUSED_FUNCTION = YES;
				GCC_WARN_UNUSED_VARIABLE = YES;
				IPHONEOS_DEPLOYMENT_TARGET = 8.0;
				MTL_ENABLE_DEBUG_INFO = YES;
				ONLY_ACTIVE_ARCH = YES;
				SDKROOT = iphoneos;
			};
			name = Debug;
		};
		04DC3A6C1A8898640078D8E0 /* Release */ = {
			isa = XCBuildConfiguration;
			buildSettings = {
				ALWAYS_SEARCH_USER_PATHS = NO;
				CLANG_CXX_LANGUAGE_STANDARD = "gnu++0x";
				CLANG_CXX_LIBRARY = "libc++";
				CLANG_ENABLE_MODULES = YES;
				CLANG_ENABLE_OBJC_ARC = YES;
				CLANG_WARN_BOOL_CONVERSION = YES;
				CLANG_WARN_CONSTANT_CONVERSION = YES;
				CLANG_WARN_DIRECT_OBJC_ISA_USAGE = YES_ERROR;
				CLANG_WARN_EMPTY_BODY = YES;
				CLANG_WARN_ENUM_CONVERSION = YES;
				CLANG_WARN_INT_CONVERSION = YES;
				CLANG_WARN_OBJC_ROOT_CLASS = YES_ERROR;
				CLANG_WARN_UNREACHABLE_CODE = YES;
				CLANG_WARN__DUPLICATE_METHOD_MATCH = YES;
				"CODE_SIGN_IDENTITY[sdk=iphoneos*]" = "iPhone Developer";
				COPY_PHASE_STRIP = YES;
				ENABLE_NS_ASSERTIONS = NO;
				ENABLE_STRICT_OBJC_MSGSEND = YES;
				GCC_C_LANGUAGE_STANDARD = gnu99;
				GCC_WARN_64_TO_32_BIT_CONVERSION = YES;
				GCC_WARN_ABOUT_RETURN_TYPE = YES_ERROR;
				GCC_WARN_UNDECLARED_SELECTOR = YES;
				GCC_WARN_UNINITIALIZED_AUTOS = YES_AGGRESSIVE;
				GCC_WARN_UNUSED_FUNCTION = YES;
				GCC_WARN_UNUSED_VARIABLE = YES;
				IPHONEOS_DEPLOYMENT_TARGET = 8.0;
				MTL_ENABLE_DEBUG_INFO = NO;
				SDKROOT = iphoneos;
				VALIDATE_PRODUCT = YES;
			};
			name = Release;
		};
		04DC3A6E1A8898640078D8E0 /* Debug */ = {
			isa = XCBuildConfiguration;
			buildSettings = {
				ASSETCATALOG_COMPILER_APPICON_NAME = AppIcon;
				INFOPLIST_FILE = ColumnRolling/Info.plist;
				LD_RUNPATH_SEARCH_PATHS = "$(inherited) @executable_path/Frameworks";
				PRODUCT_NAME = "$(TARGET_NAME)";
			};
			name = Debug;
		};
		04DC3A6F1A8898640078D8E0 /* Release */ = {
			isa = XCBuildConfiguration;
			buildSettings = {
				ASSETCATALOG_COMPILER_APPICON_NAME = AppIcon;
				INFOPLIST_FILE = ColumnRolling/Info.plist;
				LD_RUNPATH_SEARCH_PATHS = "$(inherited) @executable_path/Frameworks";
				PRODUCT_NAME = "$(TARGET_NAME)";
			};
			name = Release;
		};
		04DC3A711A8898640078D8E0 /* Debug */ = {
			isa = XCBuildConfiguration;
			buildSettings = {
				BUNDLE_LOADER = "$(TEST_HOST)";
				FRAMEWORK_SEARCH_PATHS = (
					"$(SDKROOT)/Developer/Library/Frameworks",
					"$(inherited)",
				);
				GCC_PREPROCESSOR_DEFINITIONS = (
					"DEBUG=1",
					"$(inherited)",
				);
				INFOPLIST_FILE = ColumnRollingTests/Info.plist;
				LD_RUNPATH_SEARCH_PATHS = "$(inherited) @executable_path/Frameworks @loader_path/Frameworks";
				PRODUCT_NAME = "$(TARGET_NAME)";
				TEST_HOST = "$(BUILT_PRODUCTS_DIR)/ColumnRolling.app/ColumnRolling";
			};
			name = Debug;
		};
		04DC3A721A8898640078D8E0 /* Release */ = {
			isa = XCBuildConfiguration;
			buildSettings = {
				BUNDLE_LOADER = "$(TEST_HOST)";
				FRAMEWORK_SEARCH_PATHS = (
					"$(SDKROOT)/Developer/Library/Frameworks",
					"$(inherited)",
				);
				INFOPLIST_FILE = ColumnRollingTests/Info.plist;
				LD_RUNPATH_SEARCH_PATHS = "$(inherited) @executable_path/Frameworks @loader_path/Frameworks";
				PRODUCT_NAME = "$(TARGET_NAME)";
				TEST_HOST = "$(BUILT_PRODUCTS_DIR)/ColumnRolling.app/ColumnRolling";
			};
			name = Release;
		};
/* End XCBuildConfiguration section */

/* Begin XCConfigurationList section */
		04DC3A451A8898640078D8E0 /* Build configuration list for PBXProject "ColumnRolling" */ = {
			isa = XCConfigurationList;
			buildConfigurations = (
				04DC3A6B1A8898640078D8E0 /* Debug */,
				04DC3A6C1A8898640078D8E0 /* Release */,
			);
			defaultConfigurationIsVisible = 0;
			defaultConfigurationName = Release;
		};
		04DC3A6D1A8898640078D8E0 /* Build configuration list for PBXNativeTarget "ColumnRolling" */ = {
			isa = XCConfigurationList;
			buildConfigurations = (
				04DC3A6E1A8898640078D8E0 /* Debug */,
				04DC3A6F1A8898640078D8E0 /* Release */,
			);
			defaultConfigurationIsVisible = 0;
		};
		04DC3A701A8898640078D8E0 /* Build configuration list for PBXNativeTarget "ColumnRollingTests" */ = {
			isa = XCConfigurationList;
			buildConfigurations = (
				04DC3A711A8898640078D8E0 /* Debug */,
				04DC3A721A8898640078D8E0 /* Release */,
			);
			defaultConfigurationIsVisible = 0;
		};
/* End XCConfigurationList section */
	};
	rootObject = 04DC3A421A8898640078D8E0 /* Project object */;
}
